
Microsoft Visual Studio Solution File, Format Version 12.00
# Visual Studio Version 17
VisualStudioVersion = 17.6.33815.320
MinimumVisualStudioVersion = 10.0.40219.1
Project("{9A19103F-16F7-4668-BE54-9A1E7A4F7556}") = "BlazorPizzaStore", "BlazorPizzaStore\BlazorPizzaStore.csproj", "{2C80AFEB-0AF1-421E-B5AC-76056E46B97B}"
EndProject
Project("{9A19103F-16F7-4668-BE54-9A1E7A4F7556}") = "PizzaStoreAPI", "PizzaStoreAPI\PizzaStoreAPI.csproj", "{A2A0CE9D-8FCF-4085-8884-E22821F3B7C5}"
EndProject
Project("{2150E333-8FDC-42A3-9474-1A3956D46DE8}") = "Solution Items", "Solution Items", "{E42B3083-C333-4325-8865-69E1F3A3216E}"
EndProject
Project("{9A19103F-16F7-4668-BE54-9A1E7A4F7556}") = "StoreDatabase", "StoreDatabase\StoreDatabase.csproj", "{C9201CE1-C34B-4FB2-910C-2146CC1E04E8}"
EndProject
Project("{9A19103F-16F7-4668-BE54-9A1E7A4F7556}") = "PizzaStoreModels", "PizzaStoreModels\PizzaStoreModels.csproj", "{5BD902A1-81E5-4C89-87FC-5A3C5AF1AF10}"
EndProject
Global
	GlobalSection(SolutionConfigurationPlatforms) = preSolution
		Debug|Any CPU = Debug|Any CPU
		Release|Any CPU = Release|Any CPU
	EndGlobalSection
	GlobalSection(ProjectConfigurationPlatforms) = postSolution
		{2C80AFEB-0AF1-421E-B5AC-76056E46B97B}.Debug|Any CPU.ActiveCfg = Debug|Any CPU
		{2C80AFEB-0AF1-421E-B5AC-76056E46B97B}.Debug|Any CPU.Build.0 = Debug|Any CPU
		{2C80AFEB-0AF1-421E-B5AC-76056E46B97B}.Release|Any CPU.ActiveCfg = Release|Any CPU
		{2C80AFEB-0AF1-421E-B5AC-76056E46B97B}.Release|Any CPU.Build.0 = Release|Any CPU
		{A2A0CE9D-8FCF-4085-8884-E22821F3B7C5}.Debug|Any CPU.ActiveCfg = Debug|Any CPU
		{A2A0CE9D-8FCF-4085-8884-E22821F3B7C5}.Debug|Any CPU.Build.0 = Debug|Any CPU
		{A2A0CE9D-8FCF-4085-8884-E22821F3B7C5}.Release|Any CPU.ActiveCfg = Release|Any CPU
		{A2A0CE9D-8FCF-4085-8884-E22821F3B7C5}.Release|Any CPU.Build.0 = Release|Any CPU
		{C9201CE1-C34B-4FB2-910C-2146CC1E04E8}.Debug|Any CPU.ActiveCfg = Debug|Any CPU
		{C9201CE1-C34B-4FB2-910C-2146CC1E04E8}.Debug|Any CPU.Build.0 = Debug|Any CPU
		{C9201CE1-C34B-4FB2-910C-2146CC1E04E8}.Release|Any CPU.ActiveCfg = Release|Any CPU
		{C9201CE1-C34B-4FB2-910C-2146CC1E04E8}.Release|Any CPU.Build.0 = Release|Any CPU
		{5BD902A1-81E5-4C89-87FC-5A3C5AF1AF10}.Debug|Any CPU.ActiveCfg = Debug|Any CPU
		{5BD902A1-81E5-4C89-87FC-5A3C5AF1AF10}.Debug|Any CPU.Build.0 = Debug|Any CPU
		{5BD902A1-81E5-4C89-87FC-5A3C5AF1AF10}.Release|Any CPU.ActiveCfg = Release|Any CPU
		{5BD902A1-81E5-4C89-87FC-5A3C5AF1AF10}.Release|Any CPU.Build.0 = Release|Any CPU
	EndGlobalSection
	GlobalSection(SolutionProperties) = preSolution
		HideSolutionNode = FALSE
	EndGlobalSection
	GlobalSection(ExtensibilityGlobals) = postSolution
		SolutionGuid = {160716AB-F768-4CBE-8A0B-A2822E2EDCFC}
	EndGlobalSection
EndGlobal
